
Microsoft Visual Studio Solution File, Format Version 12.00
# Visual Studio Version 17
VisualStudioVersion = 17.6.33829.357
MinimumVisualStudioVersion = 10.0.40219.1
Project("{FAE04EC0-301F-11D3-BF4B-00C04F79EFBC}") = "StairCase", "StairCase\StairCase.csproj", "{5383DEF9-F595-4642-880E-FBC2B9A52405}"
EndProject
Global
	GlobalSection(SolutionConfigurationPlatforms) = preSolution
		Debug|Any CPU = Debug|Any CPU
		Release|Any CPU = Release|Any CPU
	EndGlobalSection
	GlobalSection(ProjectConfigurationPlatforms) = postSolution
		{5383DEF9-F595-4642-880E-FBC2B9A52405}.Debug|Any CPU.ActiveCfg = Debug|Any CPU
		{5383DEF9-F595-4642-880E-FBC2B9A52405}.Debug|Any CPU.Build.0 = Debug|Any CPU
		{5383DEF9-F595-4642-880E-FBC2B9A52405}.Release|Any CPU.ActiveCfg = Release|Any CPU
		{5383DEF9-F595-4642-880E-FBC2B9A52405}.Release|Any CPU.Build.0 = Release|Any CPU
	EndGlobalSection
	GlobalSection(SolutionProperties) = preSolution
		HideSolutionNode = FALSE
	EndGlobalSection
	GlobalSection(ExtensibilityGlobals) = postSolution
		SolutionGuid = {21E29EA2-9584-4857-A45B-72CCAD085504}
	EndGlobalSection
EndGlobal
